{
  "nodes": {
    "home-manager": {
      "inputs": {
        "nixpkgs": [
          "nixpkgs"
        ]
      },
      "locked": {
        "lastModified": 1763992789,
        "narHash": "sha256-WHkdBlw6oyxXIra/vQPYLtqY+3G8dUVZM8bEXk0t8x4=",
        "owner": "nix-community",
        "repo": "home-manager",
        "rev": "44831a7eaba4360fb81f2acc5ea6de5fde90aaa3",
        "type": "github"
      },
      "original": {
        "owner": "nix-community",
        "ref": "release-25.05",
        "repo": "home-manager",
        "type": "github"
      }
    },
    "nixpkgs": {
      "locked": {
        "lastModified": 1764316264,
        "narHash": "sha256-82L+EJU+40+FIdeG4gmUlOF1jeSwlf2AwMarrpdHF6o=",
        "owner": "NixOS",
        "repo": "nixpkgs",
        "rev": "9a7b80b6f82a71ea04270d7ba11b48855681c4b0",
        "type": "github"
      },
      "original": {
        "owner": "NixOS",
        "ref": "nixos-25.05",
        "repo": "nixpkgs",
        "type": "github"
      }
    },
    "nixpkgs-teleport15": {
      "locked": {
        "lastModified": 1740063201,
        "narHash": "sha256-IFUbBwfb5vGHgt+i3JGXCu7w6PnGrTpBr1Ng52DhHPU=",
        "owner": "NixOS",
        "repo": "nixpkgs",
        "rev": "8d62b09309bee7d119508190e4f712041265a5d6",
        "type": "github"
      },
      "original": {
        "owner": "NixOS",
        "repo": "nixpkgs",
        "rev": "8d62b09309bee7d119508190e4f712041265a5d6",
        "type": "github"
      }
    },
    "nixpkgsUnstable": {
      "locked": {
        "lastModified": 1764384123,
        "narHash": "sha256-UoliURDJFaOolycBZYrjzd9Cc66zULEyHqGFH3QHEq0=",
        "owner": "nixos",
        "repo": "nixpkgs",
        "rev": "59b6c96beacc898566c9be1052ae806f3835f87d",
        "type": "github"
      },
      "original": {
        "owner": "nixos",
        "ref": "nixpkgs-unstable",
        "repo": "nixpkgs",
        "type": "github"
      }
    },
    "root": {
      "inputs": {
        "home-manager": "home-manager",
        "nixpkgs": "nixpkgs",
        "nixpkgs-teleport15": "nixpkgs-teleport15",
        "nixpkgsUnstable": "nixpkgsUnstable"
      }
    }
  },
  "root": "root",
  "version": 7
}
